
Microsoft Visual Studio Solution File, Format Version 12.00
# Visual Studio 15
VisualStudioVersion = 15.0.28307.168
MinimumVisualStudioVersion = 10.0.40219.1
Project("{FAE04EC0-301F-11D3-BF4B-00C04F79EFBC}") = "ExcelInDotNet2.0", "ExcelInDotNet2.0\ExcelInDotNet2.0.csproj", "{07CD6990-A36C-4EA0-8FC5-896C5F5CFC17}"
EndProject
Global
	GlobalSection(SolutionConfigurationPlatforms) = preSolution
		Debug|Any CPU = Debug|Any CPU
		Release|Any CPU = Release|Any CPU
	EndGlobalSection
	GlobalSection(ProjectConfigurationPlatforms) = postSolution
		{07CD6990-A36C-4EA0-8FC5-896C5F5CFC17}.Debug|Any CPU.ActiveCfg = Debug|Any CPU
		{07CD6990-A36C-4EA0-8FC5-896C5F5CFC17}.Debug|Any CPU.Build.0 = Debug|Any CPU
		{07CD6990-A36C-4EA0-8FC5-896C5F5CFC17}.Release|Any CPU.ActiveCfg = Release|Any CPU
		{07CD6990-A36C-4EA0-8FC5-896C5F5CFC17}.Release|Any CPU.Build.0 = Release|Any CPU
	EndGlobalSection
	GlobalSection(SolutionProperties) = preSolution
		HideSolutionNode = FALSE
	EndGlobalSection
	GlobalSection(ExtensibilityGlobals) = postSolution
		SolutionGuid = {5A9D0222-0BC7-41F8-B61E-2A4285757242}
	EndGlobalSection
EndGlobal
